
Microsoft Visual Studio Solution File, Format Version 12.00
# Visual Studio Version 17
VisualStudioVersion = 17.14.36203.30 d17.14
MinimumVisualStudioVersion = 10.0.40219.1
Project("{FAE04EC0-301F-11D3-BF4B-00C04F79EFBC}") = "Meowi", "Meowi.csproj", "{965DEADF-4DE2-4483-9D77-8FC05EE706F9}"
EndProject
Global
	GlobalSection(SolutionConfigurationPlatforms) = preSolution
		Debug|Any CPU = Debug|Any CPU
		Release|Any CPU = Release|Any CPU
	EndGlobalSection
	GlobalSection(ProjectConfigurationPlatforms) = postSolution
		{965DEADF-4DE2-4483-9D77-8FC05EE706F9}.Debug|Any CPU.ActiveCfg = Debug|Any CPU
		{965DEADF-4DE2-4483-9D77-8FC05EE706F9}.Debug|Any CPU.Build.0 = Debug|Any CPU
		{965DEADF-4DE2-4483-9D77-8FC05EE706F9}.Release|Any CPU.ActiveCfg = Release|Any CPU
		{965DEADF-4DE2-4483-9D77-8FC05EE706F9}.Release|Any CPU.Build.0 = Release|Any CPU
	EndGlobalSection
	GlobalSection(SolutionProperties) = preSolution
		HideSolutionNode = FALSE
	EndGlobalSection
	GlobalSection(ExtensibilityGlobals) = postSolution
		SolutionGuid = {5FDF33C8-6985-4578-AC5D-01E4FCBD257A}
	EndGlobalSection
EndGlobal
